
Microsoft Visual Studio Solution File, Format Version 12.00
# Visual Studio Version 17
VisualStudioVersion = 17.5.002.0
MinimumVisualStudioVersion = 10.0.40219.1
Project("{9A19103F-16F7-4668-BE54-9A1E7A4F7556}") = "func", "func.csproj", "{9BCEB89F-768A-4D50-AF1D-46F77EC614FF}"
EndProject
Global
	GlobalSection(SolutionConfigurationPlatforms) = preSolution
		Debug|Any CPU = Debug|Any CPU
		Release|Any CPU = Release|Any CPU
	EndGlobalSection
	GlobalSection(ProjectConfigurationPlatforms) = postSolution
		{9BCEB89F-768A-4D50-AF1D-46F77EC614FF}.Debug|Any CPU.ActiveCfg = Debug|Any CPU
		{9BCEB89F-768A-4D50-AF1D-46F77EC614FF}.Debug|Any CPU.Build.0 = Debug|Any CPU
		{9BCEB89F-768A-4D50-AF1D-46F77EC614FF}.Release|Any CPU.ActiveCfg = Release|Any CPU
		{9BCEB89F-768A-4D50-AF1D-46F77EC614FF}.Release|Any CPU.Build.0 = Release|Any CPU
	EndGlobalSection
	GlobalSection(SolutionProperties) = preSolution
		HideSolutionNode = FALSE
	EndGlobalSection
	GlobalSection(ExtensibilityGlobals) = postSolution
		SolutionGuid = {3289DA24-C5CC-4D73-8166-7CAC38C8EB62}
	EndGlobalSection
EndGlobal
